<?xml version="1.0" encoding="utf-8"?>
<Project ToolsVersion="4.0" xmlns="http://schemas.microsoft.com/developer/msbuild/2003">
  <ItemGroup>
    <Filter Include="Source Files">
      <UniqueIdentifier>{4FC737F1-C7A5-4376-A066-2A32D752A2FF}</UniqueIdentifier>
      <Extensions>cpp;c;cc;cxx;c++;cppm;ixx;def;odl;idl;hpj;bat;asm;asmx</Extensions>
    </Filter>
    <Filter Include="Header Files">
      <UniqueIdentifier>{93995380-89BD-4b04-88EB-625FBE52EBFB}</UniqueIdentifier>
      <Extensions>h;hh;hpp;hxx;h++;hm;inl;inc;ipp;xsd</Extensions>
    </Filter>
    <Filter Include="Resource Files">
      <UniqueIdentifier>{67DA6AB6-F800-4c08-8B7A-83BB121AAD01}</UniqueIdentifier>
      <Extensions>rc;ico;cur;bmp;dlg;rc2;rct;bin;rgs;gif;jpg;jpeg;jpe;resx;tiff;tif;png;wav;mfcribbon-ms</Extensions>
    </Filter>
    <Filter Include="Header Files\Cell2D">
      <UniqueIdentifier>{0fc13572-e138-497b-a5bd-fc4e993623a1}</UniqueIdentifier>
    </Filter>
    <Filter Include="Source Files\Cell2D">
      <UniqueIdentifier>{3f478f29-3003-4d07-85b0-6e7bdccac0f4}</UniqueIdentifier>
    </Filter>
    <Filter Include="Header Files\Grid">
      <UniqueIdentifier>{6f34dc17-4c5b-4ee9-8d77-a83624814cd4}</UniqueIdentifier>
    </Filter>
    <Filter Include="Source Files\Grid">
      <UniqueIdentifier>{27bd7370-3fbe-4bb8-828b-426f8a9f10b3}</UniqueIdentifier>
    </Filter>
    <Filter Include="Header Files\GenFunctions">
      <UniqueIdentifier>{913b8071-df77-4246-9f1f-736f3a64c862}</UniqueIdentifier>
    </Filter>
    <Filter Include="Source Files\GenFunctions">
      <UniqueIdentifier>{73f2ac7c-212e-498f-b8d7-5709c8eff465}</UniqueIdentifier>
    </Filter>
  </ItemGroup>
  <ItemGroup>
    <ClCompile Include="CPP_OOP_CW016_r02.cpp">
      <Filter>Source Files</Filter>
    </ClCompile>
    <ClCompile Include="Cell2D.cpp">
      <Filter>Source Files\Cell2D</Filter>
    </ClCompile>
    <ClCompile Include="CellPlayer.cpp">
      <Filter>Source Files\Cell2D</Filter>
    </ClCompile>
    <ClCompile Include="CellPrize.cpp">
      <Filter>Source Files\Cell2D</Filter>
    </ClCompile>
    <ClCompile Include="CellBorder.cpp">
      <Filter>Source Files\Cell2D</Filter>
    </ClCompile>
    <ClCompile Include="CellTrack.cpp">
      <Filter>Source Files\Cell2D</Filter>
    </ClCompile>
    <ClCompile Include="SizeGrid.cpp">
      <Filter>Source Files\Grid</Filter>
    </ClCompile>
    <ClCompile Include="Grid.cpp">
      <Filter>Source Files\Grid</Filter>
    </ClCompile>
    <ClCompile Include="Prize.cpp">
      <Filter>Source Files\Cell2D</Filter>
    </ClCompile>
    <ClCompile Include="OutPut.cpp">
      <Filter>Source Files\GenFunctions</Filter>
    </ClCompile>
    <ClCompile Include="GameField.cpp">
      <Filter>Source Files\Grid</Filter>
    </ClCompile>
    <ClCompile Include="InPut.cpp">
      <Filter>Source Files</Filter>
    </ClCompile>
  </ItemGroup>
  <ItemGroup>
    <ClInclude Include="Cell2D.h">
      <Filter>Header Files\Cell2D</Filter>
    </ClInclude>
    <ClInclude Include="CellPlayer.h">
      <Filter>Header Files\Cell2D</Filter>
    </ClInclude>
    <ClInclude Include="CellPrize.h">
      <Filter>Header Files\Cell2D</Filter>
    </ClInclude>
    <ClInclude Include="CellBorder.h">
      <Filter>Header Files\Cell2D</Filter>
    </ClInclude>
    <ClInclude Include="CellTrack.h">
      <Filter>Header Files\Cell2D</Filter>
    </ClInclude>
    <ClInclude Include="SizeGrid.h">
      <Filter>Header Files\Grid</Filter>
    </ClInclude>
    <ClInclude Include="Grid.h">
      <Filter>Header Files\Grid</Filter>
    </ClInclude>
    <ClInclude Include="Prize.h">
      <Filter>Header Files\Cell2D</Filter>
    </ClInclude>
    <ClInclude Include="OutPut.h">
      <Filter>Header Files\GenFunctions</Filter>
    </ClInclude>
    <ClInclude Include="GameField.h">
      <Filter>Header Files\Grid</Filter>
    </ClInclude>
    <ClInclude Include="InPut.h">
      <Filter>Header Files</Filter>
    </ClInclude>
  </ItemGroup>
</Project>